
Microsoft Visual Studio Solution File, Format Version 12.00
# Visual Studio 15
VisualStudioVersion = 15.0.28307.421
MinimumVisualStudioVersion = 10.0.40219.1
Project("{FAE04EC0-301F-11D3-BF4B-00C04F79EFBC}") = "ScoutingApp2019.Android", "ScoutingApp2019\ScoutingApp2019.Android\ScoutingApp2019.Android.csproj", "{9F4A6BFF-8DD9-42D9-9C44-378F23B1FB58}"
EndProject
Project("{FAE04EC0-301F-11D3-BF4B-00C04F79EFBC}") = "ScoutingApp2019", "ScoutingApp2019\ScoutingApp2019\ScoutingApp2019.csproj", "{3F7CF73D-CFA3-4016-8845-BDA9DC4885DF}"
EndProject
Global
	GlobalSection(SolutionConfigurationPlatforms) = preSolution
		Debug|Any CPU = Debug|Any CPU
		Release|Any CPU = Release|Any CPU
	EndGlobalSection
	GlobalSection(ProjectConfigurationPlatforms) = postSolution
		{9F4A6BFF-8DD9-42D9-9C44-378F23B1FB58}.Debug|Any CPU.ActiveCfg = Debug|Any CPU
		{9F4A6BFF-8DD9-42D9-9C44-378F23B1FB58}.Debug|Any CPU.Build.0 = Debug|Any CPU
		{9F4A6BFF-8DD9-42D9-9C44-378F23B1FB58}.Debug|Any CPU.Deploy.0 = Debug|Any CPU
		{9F4A6BFF-8DD9-42D9-9C44-378F23B1FB58}.Release|Any CPU.ActiveCfg = Release|Any CPU
		{9F4A6BFF-8DD9-42D9-9C44-378F23B1FB58}.Release|Any CPU.Build.0 = Release|Any CPU
		{9F4A6BFF-8DD9-42D9-9C44-378F23B1FB58}.Release|Any CPU.Deploy.0 = Release|Any CPU
		{3F7CF73D-CFA3-4016-8845-BDA9DC4885DF}.Debug|Any CPU.ActiveCfg = Debug|Any CPU
		{3F7CF73D-CFA3-4016-8845-BDA9DC4885DF}.Debug|Any CPU.Build.0 = Debug|Any CPU
		{3F7CF73D-CFA3-4016-8845-BDA9DC4885DF}.Release|Any CPU.ActiveCfg = Release|Any CPU
		{3F7CF73D-CFA3-4016-8845-BDA9DC4885DF}.Release|Any CPU.Build.0 = Release|Any CPU
	EndGlobalSection
	GlobalSection(SolutionProperties) = preSolution
		HideSolutionNode = FALSE
	EndGlobalSection
	GlobalSection(ExtensibilityGlobals) = postSolution
		SolutionGuid = {527EE4A5-577F-4709-A183-B17DBEE51579}
	EndGlobalSection
EndGlobal
